
Microsoft Visual Studio Solution File, Format Version 12.00
# Visual Studio Version 16
VisualStudioVersion = 16.0.30717.126
MinimumVisualStudioVersion = 10.0.40219.1
Project("{8BC9CEB8-8B4A-11D0-8D11-00A0C91BC942}") = "lab9.2(level A)", "lab9.2(level A)\lab9.2(level A).vcxproj", "{016C67ED-135D-4C61-910C-66D0396C5D26}"
EndProject
Global
	GlobalSection(SolutionConfigurationPlatforms) = preSolution
		Debug|x64 = Debug|x64
		Debug|x86 = Debug|x86
		Release|x64 = Release|x64
		Release|x86 = Release|x86
	EndGlobalSection
	GlobalSection(ProjectConfigurationPlatforms) = postSolution
		{016C67ED-135D-4C61-910C-66D0396C5D26}.Debug|x64.ActiveCfg = Debug|x64
		{016C67ED-135D-4C61-910C-66D0396C5D26}.Debug|x64.Build.0 = Debug|x64
		{016C67ED-135D-4C61-910C-66D0396C5D26}.Debug|x86.ActiveCfg = Debug|Win32
		{016C67ED-135D-4C61-910C-66D0396C5D26}.Debug|x86.Build.0 = Debug|Win32
		{016C67ED-135D-4C61-910C-66D0396C5D26}.Release|x64.ActiveCfg = Release|x64
		{016C67ED-135D-4C61-910C-66D0396C5D26}.Release|x64.Build.0 = Release|x64
		{016C67ED-135D-4C61-910C-66D0396C5D26}.Release|x86.ActiveCfg = Release|Win32
		{016C67ED-135D-4C61-910C-66D0396C5D26}.Release|x86.Build.0 = Release|Win32
	EndGlobalSection
	GlobalSection(SolutionProperties) = preSolution
		HideSolutionNode = FALSE
	EndGlobalSection
	GlobalSection(ExtensibilityGlobals) = postSolution
		SolutionGuid = {8BCBDF17-0B03-41AB-AF69-1AE41D6DC15C}
	EndGlobalSection
EndGlobal
